
Microsoft Visual Studio Solution File, Format Version 12.00
Project("{FAE04EC0-301F-11D3-BF4B-00C04F79EFBC}") = "LAB3_WEBAPP", "LAB3_WEBAPP\LAB3_WEBAPP.csproj", "{B6EC5B9F-07AC-4640-AED0-F1A0BEA7C01D}"
EndProject
Global
	GlobalSection(SolutionConfigurationPlatforms) = preSolution
		Debug|Any CPU = Debug|Any CPU
		Release|Any CPU = Release|Any CPU
	EndGlobalSection
	GlobalSection(ProjectConfigurationPlatforms) = postSolution
		{B6EC5B9F-07AC-4640-AED0-F1A0BEA7C01D}.Debug|Any CPU.ActiveCfg = Debug|Any CPU
		{B6EC5B9F-07AC-4640-AED0-F1A0BEA7C01D}.Debug|Any CPU.Build.0 = Debug|Any CPU
		{B6EC5B9F-07AC-4640-AED0-F1A0BEA7C01D}.Release|Any CPU.ActiveCfg = Release|Any CPU
		{B6EC5B9F-07AC-4640-AED0-F1A0BEA7C01D}.Release|Any CPU.Build.0 = Release|Any CPU
	EndGlobalSection
EndGlobal
